# This file is autogenerated, do not edit; changes may be undone by the next 'dep ensure'.


[[projects]]
  name = "github.com/jawher/mow.cli"
  packages = ["."]
  revision = "a459d5906bb7a9c5eda7c4d02eec7c541120226e"
  version = "v1.0.1"

[solve-meta]
  analyzer-name = "dep"
  analyzer-version = 1
  inputs-digest = "2c633bb188cc655ff062d3e445596eb82cf490814c7f18354add1e9a0e163861"
  solver-name = "gps-cdcl"
  solver-version = 1
